
Microsoft Visual Studio Solution File, Format Version 12.00
# Visual Studio 15
VisualStudioVersion = 15.0.28307.271
MinimumVisualStudioVersion = 10.0.40219.1
Project("{FAE04EC0-301F-11D3-BF4B-00C04F79EFBC}") = "FishStore Simulator", "FishStore Simulator\FishStore Simulator.csproj", "{A079BE65-DDC6-446E-96B1-36A4E4557CDE}"
EndProject
Global
	GlobalSection(SolutionConfigurationPlatforms) = preSolution
		Debug|Any CPU = Debug|Any CPU
		Release|Any CPU = Release|Any CPU
	EndGlobalSection
	GlobalSection(ProjectConfigurationPlatforms) = postSolution
		{A079BE65-DDC6-446E-96B1-36A4E4557CDE}.Debug|Any CPU.ActiveCfg = Debug|Any CPU
		{A079BE65-DDC6-446E-96B1-36A4E4557CDE}.Debug|Any CPU.Build.0 = Debug|Any CPU
		{A079BE65-DDC6-446E-96B1-36A4E4557CDE}.Release|Any CPU.ActiveCfg = Release|Any CPU
		{A079BE65-DDC6-446E-96B1-36A4E4557CDE}.Release|Any CPU.Build.0 = Release|Any CPU
	EndGlobalSection
	GlobalSection(SolutionProperties) = preSolution
		HideSolutionNode = FALSE
	EndGlobalSection
	GlobalSection(ExtensibilityGlobals) = postSolution
		SolutionGuid = {D1EFB881-A6C3-488A-9744-167CB6EA4789}
	EndGlobalSection
EndGlobal
